
Microsoft Visual Studio Solution File, Format Version 12.00
# Visual Studio Version 18
VisualStudioVersion = 18.5.11723.231 stable
MinimumVisualStudioVersion = 10.0.40219.1
Project("{FAE04EC0-301F-11D3-BF4B-00C04F79EFBC}") = "MelomanApp", "MelomanApp.csproj", "{B1724F7C-F8D1-4BE6-3F9D-ED5A0FF01F97}"
EndProject
Global
	GlobalSection(SolutionConfigurationPlatforms) = preSolution
		Debug|Any CPU = Debug|Any CPU
		Release|Any CPU = Release|Any CPU
	EndGlobalSection
	GlobalSection(ProjectConfigurationPlatforms) = postSolution
		{B1724F7C-F8D1-4BE6-3F9D-ED5A0FF01F97}.Debug|Any CPU.ActiveCfg = Debug|Any CPU
		{B1724F7C-F8D1-4BE6-3F9D-ED5A0FF01F97}.Debug|Any CPU.Build.0 = Debug|Any CPU
		{B1724F7C-F8D1-4BE6-3F9D-ED5A0FF01F97}.Release|Any CPU.ActiveCfg = Release|Any CPU
		{B1724F7C-F8D1-4BE6-3F9D-ED5A0FF01F97}.Release|Any CPU.Build.0 = Release|Any CPU
	EndGlobalSection
	GlobalSection(SolutionProperties) = preSolution
		HideSolutionNode = FALSE
	EndGlobalSection
	GlobalSection(ExtensibilityGlobals) = postSolution
		SolutionGuid = {30A38371-23E3-4CA5-9A94-C1537E1487A4}
	EndGlobalSection
EndGlobal
